
Microsoft Visual Studio Solution File, Format Version 12.00
# Visual Studio Version 16
VisualStudioVersion = 16.0.30907.101
MinimumVisualStudioVersion = 10.0.40219.1
Project("{FAE04EC0-301F-11D3-BF4B-00C04F79EFBC}") = "TestAutomationWork", "TestAutomationWork\TestAutomationWork.csproj", "{77361D53-AF1C-4497-A317-609AB3580B30}"
EndProject
Global
	GlobalSection(SolutionConfigurationPlatforms) = preSolution
		Debug|Any CPU = Debug|Any CPU
		Release|Any CPU = Release|Any CPU
	EndGlobalSection
	GlobalSection(ProjectConfigurationPlatforms) = postSolution
		{77361D53-AF1C-4497-A317-609AB3580B30}.Debug|Any CPU.ActiveCfg = Debug|Any CPU
		{77361D53-AF1C-4497-A317-609AB3580B30}.Debug|Any CPU.Build.0 = Debug|Any CPU
		{77361D53-AF1C-4497-A317-609AB3580B30}.Release|Any CPU.ActiveCfg = Release|Any CPU
		{77361D53-AF1C-4497-A317-609AB3580B30}.Release|Any CPU.Build.0 = Release|Any CPU
	EndGlobalSection
	GlobalSection(SolutionProperties) = preSolution
		HideSolutionNode = FALSE
	EndGlobalSection
	GlobalSection(ExtensibilityGlobals) = postSolution
		SolutionGuid = {F7963986-5980-4EF2-9E2D-8020AFEC5FBD}
	EndGlobalSection
EndGlobal
